@@ -2,50 +2,53 @@ lockfileVersion: '9.0'

settings:
  autoInstallPeers: true
  excludeLinksFromLockfile: false

importers:

  .:
    dependencies:
      '@react-three/drei':
        specifier: ^10.1.2
        version: 10.1.2(@react-three/fiber@9.1.2(@types/react@18.3.23)(react-dom@18.3.1(react@18.3.1))(react@18.3.1)(three@0.177.0))(@types/react@18.3.23)(@types/three@0.177.0)(react-dom@18.3.1(react@18.3.1))(react@18.3.1)(three@0.177.0)
      '@react-three/fiber':
        specifier: ^9.1.2
        version: 9.1.2(@types/react@18.3.23)(react-dom@18.3.1(react@18.3.1))(react@18.3.1)(three@0.177.0)
      react:
        specifier: ^18.2.0
        version: 18.3.1
      react-dom:
        specifier: ^18.2.0
        version: 18.3.1(react@18.3.1)
      three:
        specifier: ^0.177.0
        version: 0.177.0
    devDependencies:
      '@eslint/js':
        specifier: ^9.29.0
        version: 9.29.0
      '@types/react':
        specifier: ^18.2.65
        version: 18.3.23
      '@types/react-dom':
        specifier: ^18.2.21
        version: 18.3.7(@types/react@18.3.23)
      '@types/three':
        specifier: ^0.177.0
        version: 0.177.0
      '@typescript-eslint/eslint-plugin':
        specifier: ^7.2.0
        version: 7.18.0(@typescript-eslint/parser@7.18.0(eslint@8.57.1)(typescript@5.8.3))(eslint@8.57.1)(typescript@5.8.3)
      '@typescript-eslint/parser':
        specifier: ^7.2.0
        version: 7.18.0(eslint@8.57.1)(typescript@5.8.3)
      '@vitejs/plugin-react':
        specifier: ^4.2.1
        version: 4.5.1(vite@5.4.19)
      eslint:
        specifier: ^8.57.0
        version: 8.57.1
      eslint-plugin-react-hooks:
        specifier: ^4.6.0
        version: 4.6.2(eslint@8.57.1)
      eslint-plugin-react-refresh:
@@ -284,50 +287,54 @@ packages:

  '@esbuild/win32-x64@0.21.5':
    resolution: {integrity: sha512-tQd/1efJuzPC6rCFwEvLtci/xNFcTZknmXs98FYDfGE4wP9ClFV98nyKrzJKVPMhdDnjzLhdUyMX4PsQAPjwIw==}
    engines: {node: '>=12'}
    cpu: [x64]
    os: [win32]

  '@eslint-community/eslint-utils@4.7.0':
    resolution: {integrity: sha512-dyybb3AcajC7uha6CvhdVRJqaKyn7w2YKqKyAN37NKYgZT36w+iRb0Dymmc5qEJ549c/S31cMMSFd75bteCpCw==}
    engines: {node: ^12.22.0 || ^14.17.0 || >=16.0.0}
    peerDependencies:
      eslint: ^6.0.0 || ^7.0.0 || >=8.0.0

  '@eslint-community/regexpp@4.12.1':
    resolution: {integrity: sha512-CCZCDJuduB9OUkFkY2IgppNZMi2lBQgD2qzwXkEia16cge2pijY/aXi96CJMquDMn3nJdlPV1A5KrJEXwfLNzQ==}
    engines: {node: ^12.0.0 || ^14.0.0 || >=16.0.0}

  '@eslint/eslintrc@2.1.4':
    resolution: {integrity: sha512-269Z39MS6wVJtsoUl10L60WdkhJVdPG24Q4eZTH3nnF6lpvSShEK3wQjDX9JRWAUPvPh7COouPpU9IrqaZFvtQ==}
    engines: {node: ^12.22.0 || ^14.17.0 || >=16.0.0}

  '@eslint/js@8.57.1':
    resolution: {integrity: sha512-d9zaMRSTIKDLhctzH12MtXvJKSSUhaHcjV+2Z+GK+EEY7XKpP5yR4x+N3TAcHTcu963nIr+TMcCb4DBCYX1z6Q==}
    engines: {node: ^12.22.0 || ^14.17.0 || >=16.0.0}

  '@eslint/js@9.29.0':
    resolution: {integrity: sha512-3PIF4cBw/y+1u2EazflInpV+lYsSG0aByVIQzAgb1m1MhHFSbqTyNqtBKHgWf/9Ykud+DhILS9EGkmekVhbKoQ==}
    engines: {node: ^18.18.0 || ^20.9.0 || >=21.1.0}

  '@humanwhocodes/config-array@0.13.0':
    resolution: {integrity: sha512-DZLEEqFWQFiyK6h5YIeynKx7JlvCYWL0cImfSRXZ9l4Sg2efkFGTuFf6vzXjK1cq6IYkU+Eg/JizXw+TD2vRNw==}
    engines: {node: '>=10.10.0'}
    deprecated: Use @eslint/config-array instead

  '@humanwhocodes/module-importer@1.0.1':
    resolution: {integrity: sha512-bxveV4V8v5Yb4ncFTT3rPSgZBOpCkjfK0y4oVVVJwIuDVBRMDXrPyXRL988i5ap9m9bnyEEjWfm5WkBmtffLfA==}
    engines: {node: '>=12.22'}

  '@humanwhocodes/object-schema@2.0.3':
    resolution: {integrity: sha512-93zYdMES/c1D69yZiKDBj0V24vqNzB/koF26KPaagAfd3P/4gUlh3Dys5ogAK+Exi9QyzlD8x/08Zt7wIKcDcA==}
    deprecated: Use @eslint/object-schema instead

  '@jridgewell/gen-mapping@0.3.8':
    resolution: {integrity: sha512-imAbBGkb+ebQyxKgzv5Hu2nmROxoDOXHh80evxdoXNOrvAnVx7zimzc1Oo5h9RlfV4vPXaE2iM5pOFbvOCClWA==}
    engines: {node: '>=6.0.0'}

  '@jridgewell/resolve-uri@3.1.2':
    resolution: {integrity: sha512-bRISgCIjP20/tbWSPWMEi54QVPRZExkuD9lJL+UIxUKtwVJA8wW1Trb1jMs1RFXo1CBTNZ/5hpC9QvmKWdopKw==}
    engines: {node: '>=6.0.0'}

  '@jridgewell/set-array@1.2.1':
    resolution: {integrity: sha512-R8gLRTZeyp03ymzP/6Lil/28tGeGEzhx1q2k703KGWRAI1VdvPIXdG70VJc2pAMw3NA6JKL5hhFu1sJX0Mnn/A==}
    engines: {node: '>=6.0.0'}

@@ -1567,50 +1574,52 @@ snapshots:
    optional: true

  '@eslint-community/eslint-utils@4.7.0(eslint@8.57.1)':
    dependencies:
      eslint: 8.57.1
      eslint-visitor-keys: 3.4.3

  '@eslint-community/regexpp@4.12.1': {}

  '@eslint/eslintrc@2.1.4':
    dependencies:
      ajv: 6.12.6
      debug: 4.4.1
      espree: 9.6.1
      globals: 13.24.0
      ignore: 5.3.2
      import-fresh: 3.3.1
      js-yaml: 4.1.0
      minimatch: 3.1.2
      strip-json-comments: 3.1.1
    transitivePeerDependencies:
      - supports-color

  '@eslint/js@8.57.1': {}

  '@eslint/js@9.29.0': {}

  '@humanwhocodes/config-array@0.13.0':
    dependencies:
      '@humanwhocodes/object-schema': 2.0.3
      debug: 4.4.1
      minimatch: 3.1.2
    transitivePeerDependencies:
      - supports-color

  '@humanwhocodes/module-importer@1.0.1': {}

  '@humanwhocodes/object-schema@2.0.3': {}

  '@jridgewell/gen-mapping@0.3.8':
    dependencies:
      '@jridgewell/set-array': 1.2.1
      '@jridgewell/sourcemap-codec': 1.5.0
      '@jridgewell/trace-mapping': 0.3.25

  '@jridgewell/resolve-uri@3.1.2': {}

  '@jridgewell/set-array@1.2.1': {}

  '@jridgewell/sourcemap-codec@1.5.0': {}

  '@jridgewell/trace-mapping@0.3.25':